
Microsoft Visual Studio Solution File, Format Version 12.00
# Visual Studio Version 17
VisualStudioVersion = 17.10.35013.160
MinimumVisualStudioVersion = 10.0.40219.1
Project("{FAE04EC0-301F-11D3-BF4B-00C04F79EFBC}") = "chat-server", "chat-server\chat-server.csproj", "{51700AE9-041F-48E8-9324-4896E865300F}"
EndProject
Global
	GlobalSection(SolutionConfigurationPlatforms) = preSolution
		Debug|Any CPU = Debug|Any CPU
		Release|Any CPU = Release|Any CPU
	EndGlobalSection
	GlobalSection(ProjectConfigurationPlatforms) = postSolution
		{51700AE9-041F-48E8-9324-4896E865300F}.Debug|Any CPU.ActiveCfg = Debug|Any CPU
		{51700AE9-041F-48E8-9324-4896E865300F}.Debug|Any CPU.Build.0 = Debug|Any CPU
		{51700AE9-041F-48E8-9324-4896E865300F}.Release|Any CPU.ActiveCfg = Release|Any CPU
		{51700AE9-041F-48E8-9324-4896E865300F}.Release|Any CPU.Build.0 = Release|Any CPU
	EndGlobalSection
	GlobalSection(SolutionProperties) = preSolution
		HideSolutionNode = FALSE
	EndGlobalSection
	GlobalSection(ExtensibilityGlobals) = postSolution
		SolutionGuid = {F31AA8D7-56ED-4756-A16A-AD133D180C49}
	EndGlobalSection
EndGlobal
